// !$*UTF8*$!
{
	archiveVersion = 1;
	classes = {
	};
	objectVersion = 56;
	objects = {

/* Begin PBXBuildFile section */
		E60FC5E02AD23C4E0053AE3D /* MapView.swift in Sources */ = {isa = PBXBuildFile; fileRef = E60FC5DF2AD23C4E0053AE3D /* MapView.swift */; };
		E62D66DF2A9133F80029EB97 /* DrinkLocallyApp.swift in Sources */ = {isa = PBXBuildFile; fileRef = E62D66DE2A9133F80029EB97 /* DrinkLocallyApp.swift */; };
		E62D66E12A9133F80029EB97 /* ContentView.swift in Sources */ = {isa = PBXBuildFile; fileRef = E62D66E02A9133F80029EB97 /* ContentView.swift */; };
		E62D66E32A9133F90029EB97 /* Assets.xcassets in Resources */ = {isa = PBXBuildFile; fileRef = E62D66E22A9133F90029EB97 /* Assets.xcassets */; };
		E62D66E62A9133F90029EB97 /* Preview Assets.xcassets in Resources */ = {isa = PBXBuildFile; fileRef = E62D66E52A9133F90029EB97 /* Preview Assets.xcassets */; };
		E62D66FA2A9133F90029EB97 /* DrinkLocallyUITests.swift in Sources */ = {isa = PBXBuildFile; fileRef = E62D66F92A9133F90029EB97 /* DrinkLocallyUITests.swift */; };
		E62D66FC2A9133F90029EB97 /* DrinkLocallyUITestsLaunchTests.swift in Sources */ = {isa = PBXBuildFile; fileRef = E62D66FB2A9133F90029EB97 /* DrinkLocallyUITestsLaunchTests.swift */; };
		E62D670E2A9143C20029EB97 /* APIClient.swift in Sources */ = {isa = PBXBuildFile; fileRef = E62D670D2A9143C20029EB97 /* APIClient.swift */; };
		E62D67162A91470F0029EB97 /* Brewery.swift in Sources */ = {isa = PBXBuildFile; fileRef = E62D67152A91470F0029EB97 /* Brewery.swift */; };
		E65D8E772A96E36A00837281 /* MockAPIClient.swift in Sources */ = {isa = PBXBuildFile; fileRef = E65D8E762A96E36A00837281 /* MockAPIClient.swift */; };
		E65D8E7A2A96E48000837281 /* BreweriesResponse.json in Resources */ = {isa = PBXBuildFile; fileRef = E65D8E792A96E48000837281 /* BreweriesResponse.json */; };
		E66B89432ABA72120071F695 /* BreweriesListView.swift in Sources */ = {isa = PBXBuildFile; fileRef = E66B89422ABA72120071F695 /* BreweriesListView.swift */; };
		E66B89452ABA729D0071F695 /* BreweryDetailsView.swift in Sources */ = {isa = PBXBuildFile; fileRef = E66B89442ABA729D0071F695 /* BreweryDetailsView.swift */; };
		E66BA8732ABCB2FC00D50059 /* SingleBreweryResponse.json in Resources */ = {isa = PBXBuildFile; fileRef = E66BA8722ABCB2FC00D50059 /* SingleBreweryResponse.json */; };
		E671A7C52AA22E01006C422E /* BreweriesListTests.swift in Sources */ = {isa = PBXBuildFile; fileRef = E671A7C42AA22E01006C422E /* BreweriesListTests.swift */; };
		E671A7CD2AA236A8006C422E /* SampleJSONResponse.swift in Sources */ = {isa = PBXBuildFile; fileRef = E671A7CC2AA236A8006C422E /* SampleJSONResponse.swift */; };
		E69F6DCC2A92894D00047622 /* LocationService.swift in Sources */ = {isa = PBXBuildFile; fileRef = E69F6DCB2A92894D00047622 /* LocationService.swift */; };
		E69F6DD22A9290BC00047622 /* MockLocationManager.swift in Sources */ = {isa = PBXBuildFile; fileRef = E69F6DD12A9290BB00047622 /* MockLocationManager.swift */; };
		E69F6DD52A9292A900047622 /* LocationServiceTests.swift in Sources */ = {isa = PBXBuildFile; fileRef = E69F6DD42A9292A900047622 /* LocationServiceTests.swift */; };
		E6E311D42AA0E5CB00549BD5 /* BreweriesList.swift in Sources */ = {isa = PBXBuildFile; fileRef = E6E311D32AA0E5CB00549BD5 /* BreweriesList.swift */; };
		E6F618912A9436000011811C /* Endpoints.swift in Sources */ = {isa = PBXBuildFile; fileRef = E6F618902A9436000011811C /* Endpoints.swift */; };
		E6F618932A943D5E0011811C /* NetworkProtocol.swift in Sources */ = {isa = PBXBuildFile; fileRef = E6F618922A943D5E0011811C /* NetworkProtocol.swift */; };
/* End PBXBuildFile section */

/* Begin PBXContainerItemProxy section */
		E62D66EC2A9133F90029EB97 /* PBXContainerItemProxy */ = {
			isa = PBXContainerItemProxy;
			containerPortal = E62D66D32A9133F80029EB97 /* Project object */;
			proxyType = 1;
			remoteGlobalIDString = E62D66DA2A9133F80029EB97;
			remoteInfo = DrinkLocally;
		};
		E62D66F62A9133F90029EB97 /* PBXContainerItemProxy */ = {
			isa = PBXContainerItemProxy;
			containerPortal = E62D66D32A9133F80029EB97 /* Project object */;
			proxyType = 1;
			remoteGlobalIDString = E62D66DA2A9133F80029EB97;
			remoteInfo = DrinkLocally;
		};
/* End PBXContainerItemProxy section */

/* Begin PBXFileReference section */
		E60FC5DF2AD23C4E0053AE3D /* MapView.swift */ = {isa = PBXFileReference; lastKnownFileType = sourcecode.swift; path = MapView.swift; sourceTree = "<group>"; };
		E62D66DB2A9133F80029EB97 /* DrinkLocally.app */ = {isa = PBXFileReference; explicitFileType = wrapper.application; includeInIndex = 0; path = DrinkLocally.app; sourceTree = BUILT_PRODUCTS_DIR; };
		E62D66DE2A9133F80029EB97 /* DrinkLocallyApp.swift */ = {isa = PBXFileReference; lastKnownFileType = sourcecode.swift; path = DrinkLocallyApp.swift; sourceTree = "<group>"; };
		E62D66E02A9133F80029EB97 /* ContentView.swift */ = {isa = PBXFileReference; lastKnownFileType = sourcecode.swift; path = ContentView.swift; sourceTree = "<group>"; };
		E62D66E22A9133F90029EB97 /* Assets.xcassets */ = {isa = PBXFileReference; lastKnownFileType = folder.assetcatalog; path = Assets.xcassets; sourceTree = "<group>"; };
		E62D66E52A9133F90029EB97 /* Preview Assets.xcassets */ = {isa = PBXFileReference; lastKnownFileType = folder.assetcatalog; path = "Preview Assets.xcassets"; sourceTree = "<group>"; };
		E62D66EB2A9133F90029EB97 /* DrinkLocallyTests.xctest */ = {isa = PBXFileReference; explicitFileType = wrapper.cfbundle; includeInIndex = 0; path = DrinkLocallyTests.xctest; sourceTree = BUILT_PRODUCTS_DIR; };
		E62D66F52A9133F90029EB97 /* DrinkLocallyUITests.xctest */ = {isa = PBXFileReference; explicitFileType = wrapper.cfbundle; includeInIndex = 0; path = DrinkLocallyUITests.xctest; sourceTree = BUILT_PRODUCTS_DIR; };
		E62D66F92A9133F90029EB97 /* DrinkLocallyUITests.swift */ = {isa = PBXFileReference; lastKnownFileType = sourcecode.swift; path = DrinkLocallyUITests.swift; sourceTree = "<group>"; };
		E62D66FB2A9133F90029EB97 /* DrinkLocallyUITestsLaunchTests.swift */ = {isa = PBXFileReference; lastKnownFileType = sourcecode.swift; path = DrinkLocallyUITestsLaunchTests.swift; sourceTree = "<group>"; };
		E62D67082A9141810029EB97 /* .gitignore */ = {isa = PBXFileReference; lastKnownFileType = text; path = .gitignore; sourceTree = "<group>"; };
		E62D670D2A9143C20029EB97 /* APIClient.swift */ = {isa = PBXFileReference; lastKnownFileType = sourcecode.swift; path = APIClient.swift; sourceTree = "<group>"; };
		E62D67152A91470F0029EB97 /* Brewery.swift */ = {isa = PBXFileReference; lastKnownFileType = sourcecode.swift; path = Brewery.swift; sourceTree = "<group>"; };
		E65D8E762A96E36A00837281 /* MockAPIClient.swift */ = {isa = PBXFileReference; lastKnownFileType = sourcecode.swift; path = MockAPIClient.swift; sourceTree = "<group>"; };
		E65D8E792A96E48000837281 /* BreweriesResponse.json */ = {isa = PBXFileReference; lastKnownFileType = text.json; path = BreweriesResponse.json; sourceTree = "<group>"; };
		E66B89422ABA72120071F695 /* BreweriesListView.swift */ = {isa = PBXFileReference; lastKnownFileType = sourcecode.swift; path = BreweriesListView.swift; sourceTree = "<group>"; };
		E66B89442ABA729D0071F695 /* BreweryDetailsView.swift */ = {isa = PBXFileReference; lastKnownFileType = sourcecode.swift; path = BreweryDetailsView.swift; sourceTree = "<group>"; };
		E66BA8722ABCB2FC00D50059 /* SingleBreweryResponse.json */ = {isa = PBXFileReference; lastKnownFileType = text.json; path = SingleBreweryResponse.json; sourceTree = "<group>"; };
		E671A7C42AA22E01006C422E /* BreweriesListTests.swift */ = {isa = PBXFileReference; lastKnownFileType = sourcecode.swift; path = BreweriesListTests.swift; sourceTree = "<group>"; };
		E671A7CC2AA236A8006C422E /* SampleJSONResponse.swift */ = {isa = PBXFileReference; lastKnownFileType = sourcecode.swift; path = SampleJSONResponse.swift; sourceTree = "<group>"; };
		E69F6DCB2A92894D00047622 /* LocationService.swift */ = {isa = PBXFileReference; lastKnownFileType = sourcecode.swift; path = LocationService.swift; sourceTree = "<group>"; };
		E69F6DD12A9290BB00047622 /* MockLocationManager.swift */ = {isa = PBXFileReference; lastKnownFileType = sourcecode.swift; path = MockLocationManager.swift; sourceTree = "<group>"; };
		E69F6DD42A9292A900047622 /* LocationServiceTests.swift */ = {isa = PBXFileReference; lastKnownFileType = sourcecode.swift; path = LocationServiceTests.swift; sourceTree = "<group>"; };
		E6E311D32AA0E5CB00549BD5 /* BreweriesList.swift */ = {isa = PBXFileReference; lastKnownFileType = sourcecode.swift; path = BreweriesList.swift; sourceTree = "<group>"; };
		E6F618902A9436000011811C /* Endpoints.swift */ = {isa = PBXFileReference; lastKnownFileType = sourcecode.swift; path = Endpoints.swift; sourceTree = "<group>"; };
		E6F618922A943D5E0011811C /* NetworkProtocol.swift */ = {isa = PBXFileReference; lastKnownFileType = sourcecode.swift; path = NetworkProtocol.swift; sourceTree = "<group>"; };
/* End PBXFileReference section */

/* Begin PBXFrameworksBuildPhase section */
		E62D66D82A9133F80029EB97 /* Frameworks */ = {
			isa = PBXFrameworksBuildPhase;
			buildActionMask = 2147483647;
			files = (
			);
			runOnlyForDeploymentPostprocessing = 0;
		};
		E62D66E82A9133F90029EB97 /* Frameworks */ = {
			isa = PBXFrameworksBuildPhase;
			buildActionMask = 2147483647;
			files = (
			);
			runOnlyForDeploymentPostprocessing = 0;
		};
		E62D66F22A9133F90029EB97 /* Frameworks */ = {
			isa = PBXFrameworksBuildPhase;
			buildActionMask = 2147483647;
			files = (
			);
			runOnlyForDeploymentPostprocessing = 0;
		};
/* End PBXFrameworksBuildPhase section */

/* Begin PBXGroup section */
		E62D66D22A9133F80029EB97 = {
			isa = PBXGroup;
			children = (
				E62D67082A9141810029EB97 /* .gitignore */,
				E62D66DD2A9133F80029EB97 /* DrinkLocally */,
				E62D66EE2A9133F90029EB97 /* DrinkLocallyTests */,
				E62D66F82A9133F90029EB97 /* DrinkLocallyUITests */,
				E62D66DC2A9133F80029EB97 /* Products */,
			);
			sourceTree = "<group>";
		};
		E62D66DC2A9133F80029EB97 /* Products */ = {
			isa = PBXGroup;
			children = (
				E62D66DB2A9133F80029EB97 /* DrinkLocally.app */,
				E62D66EB2A9133F90029EB97 /* DrinkLocallyTests.xctest */,
				E62D66F52A9133F90029EB97 /* DrinkLocallyUITests.xctest */,
			);
			name = Products;
			sourceTree = "<group>";
		};
		E62D66DD2A9133F80029EB97 /* DrinkLocally */ = {
			isa = PBXGroup;
			children = (
				E62D67122A9145CA0029EB97 /* Location */,
				E62D67112A9145A60029EB97 /* ViewModels */,
				E62D67102A9145970029EB97 /* Models */,
				E62D670F2A91458D0029EB97 /* Views */,
				E62D670C2A9143B30029EB97 /* Network */,
				E62D66DE2A9133F80029EB97 /* DrinkLocallyApp.swift */,
				E62D66E02A9133F80029EB97 /* ContentView.swift */,
				E62D66E22A9133F90029EB97 /* Assets.xcassets */,
				E62D66E42A9133F90029EB97 /* Preview Content */,
			);
			path = DrinkLocally;
			sourceTree = "<group>";
		};
		E62D66E42A9133F90029EB97 /* Preview Content */ = {
			isa = PBXGroup;
			children = (
				E62D66E52A9133F90029EB97 /* Preview Assets.xcassets */,
			);
			path = "Preview Content";
			sourceTree = "<group>";
		};
		E62D66EE2A9133F90029EB97 /* DrinkLocallyTests */ = {
			isa = PBXGroup;
			children = (
				E671A7CB2AA2368A006C422E /* TestHelpers */,
				E65D8E782A96E45D00837281 /* Resources */,
				E62D67092A91438F0029EB97 /* Mocks */,
				E69F6DD42A9292A900047622 /* LocationServiceTests.swift */,
				E671A7C42AA22E01006C422E /* BreweriesListTests.swift */,
			);
			path = DrinkLocallyTests;
			sourceTree = "<group>";
		};
		E62D66F82A9133F90029EB97 /* DrinkLocallyUITests */ = {
			isa = PBXGroup;
			children = (
				E62D66F92A9133F90029EB97 /* DrinkLocallyUITests.swift */,
				E62D66FB2A9133F90029EB97 /* DrinkLocallyUITestsLaunchTests.swift */,
			);
			path = DrinkLocallyUITests;
			sourceTree = "<group>";
		};
		E62D67092A91438F0029EB97 /* Mocks */ = {
			isa = PBXGroup;
			children = (
				E69F6DD12A9290BB00047622 /* MockLocationManager.swift */,
				E65D8E762A96E36A00837281 /* MockAPIClient.swift */,
			);
			path = Mocks;
			sourceTree = "<group>";
		};
		E62D670C2A9143B30029EB97 /* Network */ = {
			isa = PBXGroup;
			children = (
				E62D670D2A9143C20029EB97 /* APIClient.swift */,
				E6F618902A9436000011811C /* Endpoints.swift */,
				E6F618922A943D5E0011811C /* NetworkProtocol.swift */,
			);
			path = Network;
			sourceTree = "<group>";
		};
		E62D670F2A91458D0029EB97 /* Views */ = {
			isa = PBXGroup;
			children = (
				E66B89422ABA72120071F695 /* BreweriesListView.swift */,
				E66B89442ABA729D0071F695 /* BreweryDetailsView.swift */,
				E60FC5DF2AD23C4E0053AE3D /* MapView.swift */,
			);
			path = Views;
			sourceTree = "<group>";
		};
		E62D67102A9145970029EB97 /* Models */ = {
			isa = PBXGroup;
			children = (
				E62D67152A91470F0029EB97 /* Brewery.swift */,
			);
			path = Models;
			sourceTree = "<group>";
		};
		E62D67112A9145A60029EB97 /* ViewModels */ = {
			isa = PBXGroup;
			children = (
				E6E311D32AA0E5CB00549BD5 /* BreweriesList.swift */,
			);
			path = ViewModels;
			sourceTree = "<group>";
		};
		E62D67122A9145CA0029EB97 /* Location */ = {
			isa = PBXGroup;
			children = (
				E69F6DCB2A92894D00047622 /* LocationService.swift */,
			);
			path = Location;
			sourceTree = "<group>";
		};
		E65D8E782A96E45D00837281 /* Resources */ = {
			isa = PBXGroup;
			children = (
				E65D8E792A96E48000837281 /* BreweriesResponse.json */,
				E66BA8722ABCB2FC00D50059 /* SingleBreweryResponse.json */,
			);
			path = Resources;
			sourceTree = "<group>";
		};
		E671A7CB2AA2368A006C422E /* TestHelpers */ = {
			isa = PBXGroup;
			children = (
				E671A7CC2AA236A8006C422E /* SampleJSONResponse.swift */,
			);
			path = TestHelpers;
			sourceTree = "<group>";
		};
/* End PBXGroup section */

/* Begin PBXNativeTarget section */
		E62D66DA2A9133F80029EB97 /* DrinkLocally */ = {
			isa = PBXNativeTarget;
			buildConfigurationList = E62D66FF2A9133F90029EB97 /* Build configuration list for PBXNativeTarget "DrinkLocally" */;
			buildPhases = (
				E62D66D72A9133F80029EB97 /* Sources */,
				E62D66D82A9133F80029EB97 /* Frameworks */,
				E62D66D92A9133F80029EB97 /* Resources */,
			);
			buildRules = (
			);
			dependencies = (
			);
			name = DrinkLocally;
			productName = DrinkLocally;
			productReference = E62D66DB2A9133F80029EB97 /* DrinkLocally.app */;
			productType = "com.apple.product-type.application";
		};
		E62D66EA2A9133F90029EB97 /* DrinkLocallyTests */ = {
			isa = PBXNativeTarget;
			buildConfigurationList = E62D67022A9133F90029EB97 /* Build configuration list for PBXNativeTarget "DrinkLocallyTests" */;
			buildPhases = (
				E62D66E72A9133F90029EB97 /* Sources */,
				E62D66E82A9133F90029EB97 /* Frameworks */,
				E62D66E92A9133F90029EB97 /* Resources */,
			);
			buildRules = (
			);
			dependencies = (
				E62D66ED2A9133F90029EB97 /* PBXTargetDependency */,
			);
			name = DrinkLocallyTests;
			productName = DrinkLocallyTests;
			productReference = E62D66EB2A9133F90029EB97 /* DrinkLocallyTests.xctest */;
			productType = "com.apple.product-type.bundle.unit-test";
		};
		E62D66F42A9133F90029EB97 /* DrinkLocallyUITests */ = {
			isa = PBXNativeTarget;
			buildConfigurationList = E62D67052A9133F90029EB97 /* Build configuration list for PBXNativeTarget "DrinkLocallyUITests" */;
			buildPhases = (
				E62D66F12A9133F90029EB97 /* Sources */,
				E62D66F22A9133F90029EB97 /* Frameworks */,
				E62D66F32A9133F90029EB97 /* Resources */,
			);
			buildRules = (
			);
			dependencies = (
				E62D66F72A9133F90029EB97 /* PBXTargetDependency */,
			);
			name = DrinkLocallyUITests;
			productName = DrinkLocallyUITests;
			productReference = E62D66F52A9133F90029EB97 /* DrinkLocallyUITests.xctest */;
			productType = "com.apple.product-type.bundle.ui-testing";
		};
/* End PBXNativeTarget section */

/* Begin PBXProject section */
		E62D66D32A9133F80029EB97 /* Project object */ = {
			isa = PBXProject;
			attributes = {
				BuildIndependentTargetsInParallel = 1;
				LastSwiftUpdateCheck = 1430;
				LastUpgradeCheck = 1430;
				TargetAttributes = {
					E62D66DA2A9133F80029EB97 = {
						CreatedOnToolsVersion = 14.3.1;
					};
					E62D66EA2A9133F90029EB97 = {
						CreatedOnToolsVersion = 14.3.1;
						TestTargetID = E62D66DA2A9133F80029EB97;
					};
					E62D66F42A9133F90029EB97 = {
						CreatedOnToolsVersion = 14.3.1;
						TestTargetID = E62D66DA2A9133F80029EB97;
					};
				};
			};
			buildConfigurationList = E62D66D62A9133F80029EB97 /* Build configuration list for PBXProject "DrinkLocally" */;
			compatibilityVersion = "Xcode 14.0";
			developmentRegion = en;
			hasScannedForEncodings = 0;
			knownRegions = (
				en,
				Base,
			);
			mainGroup = E62D66D22A9133F80029EB97;
			productRefGroup = E62D66DC2A9133F80029EB97 /* Products */;
			projectDirPath = "";
			projectRoot = "";
			targets = (
				E62D66DA2A9133F80029EB97 /* DrinkLocally */,
				E62D66EA2A9133F90029EB97 /* DrinkLocallyTests */,
				E62D66F42A9133F90029EB97 /* DrinkLocallyUITests */,
			);
		};
/* End PBXProject section */

/* Begin PBXResourcesBuildPhase section */
		E62D66D92A9133F80029EB97 /* Resources */ = {
			isa = PBXResourcesBuildPhase;
			buildActionMask = 2147483647;
			files = (
				E62D66E62A9133F90029EB97 /* Preview Assets.xcassets in Resources */,
				E62D66E32A9133F90029EB97 /* Assets.xcassets in Resources */,
			);
			runOnlyForDeploymentPostprocessing = 0;
		};
		E62D66E92A9133F90029EB97 /* Resources */ = {
			isa = PBXResourcesBuildPhase;
			buildActionMask = 2147483647;
			files = (
				E65D8E7A2A96E48000837281 /* BreweriesResponse.json in Resources */,
				E66BA8732ABCB2FC00D50059 /* SingleBreweryResponse.json in Resources */,
			);
			runOnlyForDeploymentPostprocessing = 0;
		};
		E62D66F32A9133F90029EB97 /* Resources */ = {
			isa = PBXResourcesBuildPhase;
			buildActionMask = 2147483647;
			files = (
			);
			runOnlyForDeploymentPostprocessing = 0;
		};
/* End PBXResourcesBuildPhase section */

/* Begin PBXSourcesBuildPhase section */
		E62D66D72A9133F80029EB97 /* Sources */ = {
			isa = PBXSourcesBuildPhase;
			buildActionMask = 2147483647;
			files = (
				E6F618932A943D5E0011811C /* NetworkProtocol.swift in Sources */,
				E62D66E12A9133F80029EB97 /* ContentView.swift in Sources */,
				E6E311D42AA0E5CB00549BD5 /* BreweriesList.swift in Sources */,
				E60FC5E02AD23C4E0053AE3D /* MapView.swift in Sources */,
				E62D66DF2A9133F80029EB97 /* DrinkLocallyApp.swift in Sources */,
				E66B89452ABA729D0071F695 /* BreweryDetailsView.swift in Sources */,
				E6F618912A9436000011811C /* Endpoints.swift in Sources */,
				E62D67162A91470F0029EB97 /* Brewery.swift in Sources */,
				E66B89432ABA72120071F695 /* BreweriesListView.swift in Sources */,
				E69F6DCC2A92894D00047622 /* LocationService.swift in Sources */,
				E62D670E2A9143C20029EB97 /* APIClient.swift in Sources */,
			);
			runOnlyForDeploymentPostprocessing = 0;
		};
		E62D66E72A9133F90029EB97 /* Sources */ = {
			isa = PBXSourcesBuildPhase;
			buildActionMask = 2147483647;
			files = (
				E69F6DD22A9290BC00047622 /* MockLocationManager.swift in Sources */,
				E671A7CD2AA236A8006C422E /* SampleJSONResponse.swift in Sources */,
				E69F6DD52A9292A900047622 /* LocationServiceTests.swift in Sources */,
				E671A7C52AA22E01006C422E /* BreweriesListTests.swift in Sources */,
				E65D8E772A96E36A00837281 /* MockAPIClient.swift in Sources */,
			);
			runOnlyForDeploymentPostprocessing = 0;
		};
		E62D66F12A9133F90029EB97 /* Sources */ = {
			isa = PBXSourcesBuildPhase;
			buildActionMask = 2147483647;
			files = (
				E62D66FC2A9133F90029EB97 /* DrinkLocallyUITestsLaunchTests.swift in Sources */,
				E62D66FA2A9133F90029EB97 /* DrinkLocallyUITests.swift in Sources */,
			);
			runOnlyForDeploymentPostprocessing = 0;
		};
/* End PBXSourcesBuildPhase section */

/* Begin PBXTargetDependency section */
		E62D66ED2A9133F90029EB97 /* PBXTargetDependency */ = {
			isa = PBXTargetDependency;
			target = E62D66DA2A9133F80029EB97 /* DrinkLocally */;
			targetProxy = E62D66EC2A9133F90029EB97 /* PBXContainerItemProxy */;
		};
		E62D66F72A9133F90029EB97 /* PBXTargetDependency */ = {
			isa = PBXTargetDependency;
			target = E62D66DA2A9133F80029EB97 /* DrinkLocally */;
			targetProxy = E62D66F62A9133F90029EB97 /* PBXContainerItemProxy */;
		};
/* End PBXTargetDependency section */

/* Begin XCBuildConfiguration section */
		E62D66FD2A9133F90029EB97 /* Debug */ = {
			isa = XCBuildConfiguration;
			buildSettings = {
				ALWAYS_SEARCH_USER_PATHS = NO;
				CLANG_ANALYZER_NONNULL = YES;
				CLANG_ANALYZER_NUMBER_OBJECT_CONVERSION = YES_AGGRESSIVE;
				CLANG_CXX_LANGUAGE_STANDARD = "gnu++20";
				CLANG_ENABLE_MODULES = YES;
				CLANG_ENABLE_OBJC_ARC = YES;
				CLANG_ENABLE_OBJC_WEAK = YES;
				CLANG_WARN_BLOCK_CAPTURE_AUTORELEASING = YES;
				CLANG_WARN_BOOL_CONVERSION = YES;
				CLANG_WARN_COMMA = YES;
				CLANG_WARN_CONSTANT_CONVERSION = YES;
				CLANG_WARN_DEPRECATED_OBJC_IMPLEMENTATIONS = YES;
				CLANG_WARN_DIRECT_OBJC_ISA_USAGE = YES_ERROR;
				CLANG_WARN_DOCUMENTATION_COMMENTS = YES;
				CLANG_WARN_EMPTY_BODY = YES;
				CLANG_WARN_ENUM_CONVERSION = YES;
				CLANG_WARN_INFINITE_RECURSION = YES;
				CLANG_WARN_INT_CONVERSION = YES;
				CLANG_WARN_NON_LITERAL_NULL_CONVERSION = YES;
				CLANG_WARN_OBJC_IMPLICIT_RETAIN_SELF = YES;
				CLANG_WARN_OBJC_LITERAL_CONVERSION = YES;
				CLANG_WARN_OBJC_ROOT_CLASS = YES_ERROR;
				CLANG_WARN_QUOTED_INCLUDE_IN_FRAMEWORK_HEADER = YES;
				CLANG_WARN_RANGE_LOOP_ANALYSIS = YES;
				CLANG_WARN_STRICT_PROTOTYPES = YES;
				CLANG_WARN_SUSPICIOUS_MOVE = YES;
				CLANG_WARN_UNGUARDED_AVAILABILITY = YES_AGGRESSIVE;
				CLANG_WARN_UNREACHABLE_CODE = YES;
				CLANG_WARN__DUPLICATE_METHOD_MATCH = YES;
				COPY_PHASE_STRIP = NO;
				DEBUG_INFORMATION_FORMAT = dwarf;
				ENABLE_STRICT_OBJC_MSGSEND = YES;
				ENABLE_TESTABILITY = YES;
				GCC_C_LANGUAGE_STANDARD = gnu11;
				GCC_DYNAMIC_NO_PIC = NO;
				GCC_NO_COMMON_BLOCKS = YES;
				GCC_OPTIMIZATION_LEVEL = 0;
				GCC_PREPROCESSOR_DEFINITIONS = (
					"DEBUG=1",
					"$(inherited)",
				);
				GCC_WARN_64_TO_32_BIT_CONVERSION = YES;
				GCC_WARN_ABOUT_RETURN_TYPE = YES_ERROR;
				GCC_WARN_UNDECLARED_SELECTOR = YES;
				GCC_WARN_UNINITIALIZED_AUTOS = YES_AGGRESSIVE;
				GCC_WARN_UNUSED_FUNCTION = YES;
				GCC_WARN_UNUSED_VARIABLE = YES;
				IPHONEOS_DEPLOYMENT_TARGET = 17.0;
				MTL_ENABLE_DEBUG_INFO = INCLUDE_SOURCE;
				MTL_FAST_MATH = YES;
				ONLY_ACTIVE_ARCH = YES;
				SDKROOT = iphoneos;
				SWIFT_ACTIVE_COMPILATION_CONDITIONS = DEBUG;
				SWIFT_OPTIMIZATION_LEVEL = "-Onone";
			};
			name = Debug;
		};
		E62D66FE2A9133F90029EB97 /* Release */ = {
			isa = XCBuildConfiguration;
			buildSettings = {
				ALWAYS_SEARCH_USER_PATHS = NO;
				CLANG_ANALYZER_NONNULL = YES;
				CLANG_ANALYZER_NUMBER_OBJECT_CONVERSION = YES_AGGRESSIVE;
				CLANG_CXX_LANGUAGE_STANDARD = "gnu++20";
				CLANG_ENABLE_MODULES = YES;
				CLANG_ENABLE_OBJC_ARC = YES;
				CLANG_ENABLE_OBJC_WEAK = YES;
				CLANG_WARN_BLOCK_CAPTURE_AUTORELEASING = YES;
				CLANG_WARN_BOOL_CONVERSION = YES;
				CLANG_WARN_COMMA = YES;
				CLANG_WARN_CONSTANT_CONVERSION = YES;
				CLANG_WARN_DEPRECATED_OBJC_IMPLEMENTATIONS = YES;
				CLANG_WARN_DIRECT_OBJC_ISA_USAGE = YES_ERROR;
				CLANG_WARN_DOCUMENTATION_COMMENTS = YES;
				CLANG_WARN_EMPTY_BODY = YES;
				CLANG_WARN_ENUM_CONVERSION = YES;
				CLANG_WARN_INFINITE_RECURSION = YES;
				CLANG_WARN_INT_CONVERSION = YES;
				CLANG_WARN_NON_LITERAL_NULL_CONVERSION = YES;
				CLANG_WARN_OBJC_IMPLICIT_RETAIN_SELF = YES;
				CLANG_WARN_OBJC_LITERAL_CONVERSION = YES;
				CLANG_WARN_OBJC_ROOT_CLASS = YES_ERROR;
				CLANG_WARN_QUOTED_INCLUDE_IN_FRAMEWORK_HEADER = YES;
				CLANG_WARN_RANGE_LOOP_ANALYSIS = YES;
				CLANG_WARN_STRICT_PROTOTYPES = YES;
				CLANG_WARN_SUSPICIOUS_MOVE = YES;
				CLANG_WARN_UNGUARDED_AVAILABILITY = YES_AGGRESSIVE;
				CLANG_WARN_UNREACHABLE_CODE = YES;
				CLANG_WARN__DUPLICATE_METHOD_MATCH = YES;
				COPY_PHASE_STRIP = NO;
				DEBUG_INFORMATION_FORMAT = "dwarf-with-dsym";
				ENABLE_NS_ASSERTIONS = NO;
				ENABLE_STRICT_OBJC_MSGSEND = YES;
				GCC_C_LANGUAGE_STANDARD = gnu11;
				GCC_NO_COMMON_BLOCKS = YES;
				GCC_WARN_64_TO_32_BIT_CONVERSION = YES;
				GCC_WARN_ABOUT_RETURN_TYPE = YES_ERROR;
				GCC_WARN_UNDECLARED_SELECTOR = YES;
				GCC_WARN_UNINITIALIZED_AUTOS = YES_AGGRESSIVE;
				GCC_WARN_UNUSED_FUNCTION = YES;
				GCC_WARN_UNUSED_VARIABLE = YES;
				IPHONEOS_DEPLOYMENT_TARGET = 17.0;
				MTL_ENABLE_DEBUG_INFO = NO;
				MTL_FAST_MATH = YES;
				SDKROOT = iphoneos;
				SWIFT_COMPILATION_MODE = wholemodule;
				SWIFT_OPTIMIZATION_LEVEL = "-O";
				VALIDATE_PRODUCT = YES;
			};
			name = Release;
		};
		E62D67002A9133F90029EB97 /* Debug */ = {
			isa = XCBuildConfiguration;
			buildSettings = {
				ASSETCATALOG_COMPILER_APPICON_NAME = AppIcon;
				ASSETCATALOG_COMPILER_GLOBAL_ACCENT_COLOR_NAME = AccentColor;
				CODE_SIGN_STYLE = Automatic;
				CURRENT_PROJECT_VERSION = 1;
				DEVELOPMENT_ASSET_PATHS = "\"DrinkLocally/Preview Content\"";
				DEVELOPMENT_TEAM = GP2V62MZ3S;
				ENABLE_PREVIEWS = YES;
				GENERATE_INFOPLIST_FILE = YES;
				INFOPLIST_KEY_CFBundleDisplayName = DrinkLocally;
				INFOPLIST_KEY_NSLocationWhenInUseUsageDescription = "We need your current location in order to find nearby breweries.";
				INFOPLIST_KEY_UIApplicationSceneManifest_Generation = YES;
				INFOPLIST_KEY_UIApplicationSupportsIndirectInputEvents = YES;
				INFOPLIST_KEY_UILaunchScreen_Generation = YES;
				INFOPLIST_KEY_UISupportedInterfaceOrientations_iPad = "UIInterfaceOrientationPortrait UIInterfaceOrientationPortraitUpsideDown UIInterfaceOrientationLandscapeLeft UIInterfaceOrientationLandscapeRight";
				INFOPLIST_KEY_UISupportedInterfaceOrientations_iPhone = "UIInterfaceOrientationPortrait UIInterfaceOrientationLandscapeLeft UIInterfaceOrientationLandscapeRight";
				IPHONEOS_DEPLOYMENT_TARGET = 17.0;
				LD_RUNPATH_SEARCH_PATHS = (
					"$(inherited)",
					"@executable_path/Frameworks",
				);
				MARKETING_VERSION = 1.0;
				PRODUCT_BUNDLE_IDENTIFIER = com.brentbusby.DrinkLocal;
				PRODUCT_NAME = "$(TARGET_NAME)";
				SWIFT_EMIT_LOC_STRINGS = YES;
				SWIFT_VERSION = 5.0;
				TARGETED_DEVICE_FAMILY = "1,2";
			};
			name = Debug;
		};
		E62D67012A9133F90029EB97 /* Release */ = {
			isa = XCBuildConfiguration;
			buildSettings = {
				ASSETCATALOG_COMPILER_APPICON_NAME = AppIcon;
				ASSETCATALOG_COMPILER_GLOBAL_ACCENT_COLOR_NAME = AccentColor;
				CODE_SIGN_STYLE = Automatic;
				CURRENT_PROJECT_VERSION = 1;
				DEVELOPMENT_ASSET_PATHS = "\"DrinkLocally/Preview Content\"";
				DEVELOPMENT_TEAM = GP2V62MZ3S;
				ENABLE_PREVIEWS = YES;
				GENERATE_INFOPLIST_FILE = YES;
				INFOPLIST_KEY_CFBundleDisplayName = DrinkLocally;
				INFOPLIST_KEY_NSLocationWhenInUseUsageDescription = "We need your current location in order to find nearby breweries.";
				INFOPLIST_KEY_UIApplicationSceneManifest_Generation = YES;
				INFOPLIST_KEY_UIApplicationSupportsIndirectInputEvents = YES;
				INFOPLIST_KEY_UILaunchScreen_Generation = YES;
				INFOPLIST_KEY_UISupportedInterfaceOrientations_iPad = "UIInterfaceOrientationPortrait UIInterfaceOrientationPortraitUpsideDown UIInterfaceOrientationLandscapeLeft UIInterfaceOrientationLandscapeRight";
				INFOPLIST_KEY_UISupportedInterfaceOrientations_iPhone = "UIInterfaceOrientationPortrait UIInterfaceOrientationLandscapeLeft UIInterfaceOrientationLandscapeRight";
				IPHONEOS_DEPLOYMENT_TARGET = 17.0;
				LD_RUNPATH_SEARCH_PATHS = (
					"$(inherited)",
					"@executable_path/Frameworks",
				);
				MARKETING_VERSION = 1.0;
				PRODUCT_BUNDLE_IDENTIFIER = com.brentbusby.DrinkLocal;
				PRODUCT_NAME = "$(TARGET_NAME)";
				SWIFT_EMIT_LOC_STRINGS = YES;
				SWIFT_VERSION = 5.0;
				TARGETED_DEVICE_FAMILY = "1,2";
			};
			name = Release;
		};
		E62D67032A9133F90029EB97 /* Debug */ = {
			isa = XCBuildConfiguration;
			buildSettings = {
				ALWAYS_EMBED_SWIFT_STANDARD_LIBRARIES = YES;
				BUNDLE_LOADER = "$(TEST_HOST)";
				CODE_SIGN_STYLE = Automatic;
				CURRENT_PROJECT_VERSION = 1;
				DEVELOPMENT_TEAM = GP2V62MZ3S;
				GENERATE_INFOPLIST_FILE = YES;
				IPHONEOS_DEPLOYMENT_TARGET = 17.0;
				MARKETING_VERSION = 1.0;
				PRODUCT_BUNDLE_IDENTIFIER = com.brentbusby.DrinkLocallyTests;
				PRODUCT_NAME = "$(TARGET_NAME)";
				SWIFT_EMIT_LOC_STRINGS = NO;
				SWIFT_VERSION = 5.0;
				TARGETED_DEVICE_FAMILY = "1,2";
				TEST_HOST = "$(BUILT_PRODUCTS_DIR)/DrinkLocally.app/$(BUNDLE_EXECUTABLE_FOLDER_PATH)/DrinkLocally";
			};
			name = Debug;
		};
		E62D67042A9133F90029EB97 /* Release */ = {
			isa = XCBuildConfiguration;
			buildSettings = {
				ALWAYS_EMBED_SWIFT_STANDARD_LIBRARIES = YES;
				BUNDLE_LOADER = "$(TEST_HOST)";
				CODE_SIGN_STYLE = Automatic;
				CURRENT_PROJECT_VERSION = 1;
				DEVELOPMENT_TEAM = GP2V62MZ3S;
				GENERATE_INFOPLIST_FILE = YES;
				IPHONEOS_DEPLOYMENT_TARGET = 17.0;
				MARKETING_VERSION = 1.0;
				PRODUCT_BUNDLE_IDENTIFIER = com.brentbusby.DrinkLocallyTests;
				PRODUCT_NAME = "$(TARGET_NAME)";
				SWIFT_EMIT_LOC_STRINGS = NO;
				SWIFT_VERSION = 5.0;
				TARGETED_DEVICE_FAMILY = "1,2";
				TEST_HOST = "$(BUILT_PRODUCTS_DIR)/DrinkLocally.app/$(BUNDLE_EXECUTABLE_FOLDER_PATH)/DrinkLocally";
			};
			name = Release;
		};
		E62D67062A9133F90029EB97 /* Debug */ = {
			isa = XCBuildConfiguration;
			buildSettings = {
				ALWAYS_EMBED_SWIFT_STANDARD_LIBRARIES = YES;
				CODE_SIGN_STYLE = Automatic;
				CURRENT_PROJECT_VERSION = 1;
				DEVELOPMENT_TEAM = GP2V62MZ3S;
				GENERATE_INFOPLIST_FILE = YES;
				MARKETING_VERSION = 1.0;
				PRODUCT_BUNDLE_IDENTIFIER = com.brentbusby.DrinkLocallyUITests;
				PRODUCT_NAME = "$(TARGET_NAME)";
				SWIFT_EMIT_LOC_STRINGS = NO;
				SWIFT_VERSION = 5.0;
				TARGETED_DEVICE_FAMILY = "1,2";
				TEST_TARGET_NAME = DrinkLocally;
			};
			name = Debug;
		};
		E62D67072A9133F90029EB97 /* Release */ = {
			isa = XCBuildConfiguration;
			buildSettings = {
				ALWAYS_EMBED_SWIFT_STANDARD_LIBRARIES = YES;
				CODE_SIGN_STYLE = Automatic;
				CURRENT_PROJECT_VERSION = 1;
				DEVELOPMENT_TEAM = GP2V62MZ3S;
				GENERATE_INFOPLIST_FILE = YES;
				MARKETING_VERSION = 1.0;
				PRODUCT_BUNDLE_IDENTIFIER = com.brentbusby.DrinkLocallyUITests;
				PRODUCT_NAME = "$(TARGET_NAME)";
				SWIFT_EMIT_LOC_STRINGS = NO;
				SWIFT_VERSION = 5.0;
				TARGETED_DEVICE_FAMILY = "1,2";
				TEST_TARGET_NAME = DrinkLocally;
			};
			name = Release;
		};
/* End XCBuildConfiguration section */

/* Begin XCConfigurationList section */
		E62D66D62A9133F80029EB97 /* Build configuration list for PBXProject "DrinkLocally" */ = {
			isa = XCConfigurationList;
			buildConfigurations = (
				E62D66FD2A9133F90029EB97 /* Debug */,
				E62D66FE2A9133F90029EB97 /* Release */,
			);
			defaultConfigurationIsVisible = 0;
			defaultConfigurationName = Release;
		};
		E62D66FF2A9133F90029EB97 /* Build configuration list for PBXNativeTarget "DrinkLocally" */ = {
			isa = XCConfigurationList;
			buildConfigurations = (
				E62D67002A9133F90029EB97 /* Debug */,
				E62D67012A9133F90029EB97 /* Release */,
			);
			defaultConfigurationIsVisible = 0;
			defaultConfigurationName = Release;
		};
		E62D67022A9133F90029EB97 /* Build configuration list for PBXNativeTarget "DrinkLocallyTests" */ = {
			isa = XCConfigurationList;
			buildConfigurations = (
				E62D67032A9133F90029EB97 /* Debug */,
				E62D67042A9133F90029EB97 /* Release */,
			);
			defaultConfigurationIsVisible = 0;
			defaultConfigurationName = Release;
		};
		E62D67052A9133F90029EB97 /* Build configuration list for PBXNativeTarget "DrinkLocallyUITests" */ = {
			isa = XCConfigurationList;
			buildConfigurations = (
				E62D67062A9133F90029EB97 /* Debug */,
				E62D67072A9133F90029EB97 /* Release */,
			);
			defaultConfigurationIsVisible = 0;
			defaultConfigurationName = Release;
		};
/* End XCConfigurationList section */
	};
	rootObject = E62D66D32A9133F80029EB97 /* Project object */;
}
